
Microsoft Visual Studio Solution File, Format Version 12.00
# Visual Studio Version 17
VisualStudioVersion = 17.3.32819.101
MinimumVisualStudioVersion = 10.0.40219.1
Project("{FAE04EC0-301F-11D3-BF4B-00C04F79EFBC}") = "ASP_CORE_BASIC_NET_6_API", "ASP_CORE_BASIC_NET_6_API.csproj", "{D0AA5406-826A-4C65-9A85-4B52F6F0E14F}"
EndProject
Global
	GlobalSection(SolutionConfigurationPlatforms) = preSolution
		Debug|Any CPU = Debug|Any CPU
		Release|Any CPU = Release|Any CPU
	EndGlobalSection
	GlobalSection(ProjectConfigurationPlatforms) = postSolution
		{D0AA5406-826A-4C65-9A85-4B52F6F0E14F}.Debug|Any CPU.ActiveCfg = Debug|Any CPU
		{D0AA5406-826A-4C65-9A85-4B52F6F0E14F}.Debug|Any CPU.Build.0 = Debug|Any CPU
		{D0AA5406-826A-4C65-9A85-4B52F6F0E14F}.Release|Any CPU.ActiveCfg = Release|Any CPU
		{D0AA5406-826A-4C65-9A85-4B52F6F0E14F}.Release|Any CPU.Build.0 = Release|Any CPU
	EndGlobalSection
	GlobalSection(SolutionProperties) = preSolution
		HideSolutionNode = FALSE
	EndGlobalSection
	GlobalSection(ExtensibilityGlobals) = postSolution
		SolutionGuid = {BF5941AE-2C6C-467F-94AE-DA8AD2E11204}
	EndGlobalSection
EndGlobal
